{
  "name": "dgb-oracle-ledger",
  "version": "0.1.0",
  "lockfileVersion": 3,
  "requires": true,
  "packages": {
    "": {
      "name": "dgb-oracle-ledger",
      "version": "0.1.0",
      "license": "MIT",
      "dependencies": {
        "dgb-digidollar-codec": "github:dgb-tools/dgb-digidollar-codec#main"
      },
      "engines": {
        "node": ">=20"
      }
    },
    "node_modules/dgb-digidollar-codec": {
      "version": "0.3.0",
      "resolved": "git+ssh://git@github.com/dgb-tools/dgb-digidollar-codec.git#06491b65276d154f8ab21630fd32b21c2c77f06b",
      "license": "MIT",
      "engines": {
        "node": ">=18"
      }
    }
  }
}
